{
  "name": "JS101",
  "lockfileVersion": 2,
  "requires": true,
  "packages": {
    "": {
      "dependencies": {
        "fraction.js": "github:infusion/Fraction.js"
      }
    },
    "node_modules/fraction.js": {
      "version": "4.2.0",
      "resolved": "git+ssh://git@github.com/infusion/Fraction.js.git#71e151fd5ccf542018307cee4a3639f42254d231",
      "license": "MIT",
      "engines": {
        "node": "*"
      },
      "funding": {
        "type": "patreon",
        "url": "https://www.patreon.com/infusion"
      }
    }
  },
  "dependencies": {
    "fraction.js": {
      "version": "git+ssh://git@github.com/infusion/Fraction.js.git#71e151fd5ccf542018307cee4a3639f42254d231",
      "from": "fraction.js@infusion/Fraction.js"
    }
  }
}
